{
  "name": "Flask_Admin_dashboard",
  "lockfileVersion": 2,
  "requires": true,
  "packages": {
    "": {
      "dependencies": {
        "credentials": "^3.0.2"
      }
    },
    "node_modules/commander": {
      "version": "2.20.3",
      "resolved": "https://registry.npmjs.org/commander/-/commander-2.20.3.tgz",
      "integrity": "sha512-GpVkmM8vF2vQUkj2LvZmD35JxeJOLCwJ9cUkugyk2nuhbv3+mJvpLYYt+0+USMxE+oj+ey/lJEnhZw75x/OMcQ=="
    },
    "node_modules/credentials": {
      "version": "3.0.2",
      "resolved": "https://registry.npmjs.org/credentials/-/credentials-3.0.2.tgz",
      "integrity": "sha512-sXRowWaF1BkaB/2XMxyH2Q9jrHPTR1pCPr13FR8AreVQiYpLOwikCqatD8rFDsbMV/n/z0ZPBUFF6/tdIACHYA==",
      "dependencies": {
        "commander": "^2.18.0"
      },
      "bin": {
        "credentials": "bin/cmd.js"
      }
    }
  },
  "dependencies": {
    "commander": {
      "version": "2.20.3",
      "resolved": "https://registry.npmjs.org/commander/-/commander-2.20.3.tgz",
      "integrity": "sha512-GpVkmM8vF2vQUkj2LvZmD35JxeJOLCwJ9cUkugyk2nuhbv3+mJvpLYYt+0+USMxE+oj+ey/lJEnhZw75x/OMcQ=="
    },
    "credentials": {
      "version": "3.0.2",
      "resolved": "https://registry.npmjs.org/credentials/-/credentials-3.0.2.tgz",
      "integrity": "sha512-sXRowWaF1BkaB/2XMxyH2Q9jrHPTR1pCPr13FR8AreVQiYpLOwikCqatD8rFDsbMV/n/z0ZPBUFF6/tdIACHYA==",
      "requires": {
        "commander": "^2.18.0"
      }
    }
  }
}
